
Microsoft Visual Studio Solution File, Format Version 12.00
# Visual Studio Version 16
VisualStudioVersion = 16.0.29009.5
MinimumVisualStudioVersion = 10.0.40219.1
Project("{FAE04EC0-301F-11D3-BF4B-00C04F79EFBC}") = "AQASeleniumSample", "AQASeleniumSample\AQASeleniumSample.csproj", "{5498A93C-3C78-4F54-8083-5A09B82070BB}"
EndProject
Global
	GlobalSection(SolutionConfigurationPlatforms) = preSolution
		Debug|Any CPU = Debug|Any CPU
		Release|Any CPU = Release|Any CPU
	EndGlobalSection
	GlobalSection(ProjectConfigurationPlatforms) = postSolution
		{5498A93C-3C78-4F54-8083-5A09B82070BB}.Debug|Any CPU.ActiveCfg = Debug|Any CPU
		{5498A93C-3C78-4F54-8083-5A09B82070BB}.Debug|Any CPU.Build.0 = Debug|Any CPU
		{5498A93C-3C78-4F54-8083-5A09B82070BB}.Release|Any CPU.ActiveCfg = Release|Any CPU
		{5498A93C-3C78-4F54-8083-5A09B82070BB}.Release|Any CPU.Build.0 = Release|Any CPU
	EndGlobalSection
	GlobalSection(SolutionProperties) = preSolution
		HideSolutionNode = FALSE
	EndGlobalSection
	GlobalSection(ExtensibilityGlobals) = postSolution
		SolutionGuid = {BC9DB2DD-3235-4066-93CC-962C38825DAF}
	EndGlobalSection
EndGlobal
